
Microsoft Visual Studio Solution File, Format Version 12.00
# Visual Studio Version 17
VisualStudioVersion = 17.7.34221.43
MinimumVisualStudioVersion = 10.0.40219.1
Project("{888888A0-9F3D-457C-B088-3A5042F75D52}") = "Therodynamics error rate calculator", "Therodynamics error rate calculator\Therodynamics error rate calculator.pyproj", "{BA9A6FD2-06D7-4EA7-942E-46FF9C7112BF}"
EndProject
Global
	GlobalSection(SolutionConfigurationPlatforms) = preSolution
		Debug|Any CPU = Debug|Any CPU
		Release|Any CPU = Release|Any CPU
	EndGlobalSection
	GlobalSection(ProjectConfigurationPlatforms) = postSolution
		{BA9A6FD2-06D7-4EA7-942E-46FF9C7112BF}.Debug|Any CPU.ActiveCfg = Debug|Any CPU
		{BA9A6FD2-06D7-4EA7-942E-46FF9C7112BF}.Release|Any CPU.ActiveCfg = Release|Any CPU
	EndGlobalSection
	GlobalSection(SolutionProperties) = preSolution
		HideSolutionNode = FALSE
	EndGlobalSection
	GlobalSection(ExtensibilityGlobals) = postSolution
		SolutionGuid = {B48AEEE1-C4D4-4362-942C-09A5CC10F066}
	EndGlobalSection
EndGlobal
